
Microsoft Visual Studio Solution File, Format Version 12.00
# Visual Studio 15
VisualStudioVersion = 15.0.28307.645
MinimumVisualStudioVersion = 10.0.40219.1
Project("{FAE04EC0-301F-11D3-BF4B-00C04F79EFBC}") = "AppVagas.Android", "AppVagas\AppVagas.Android\AppVagas.Android.csproj", "{718DB0A4-94CE-46E3-AC80-3AAD7A1074CB}"
EndProject
Project("{FAE04EC0-301F-11D3-BF4B-00C04F79EFBC}") = "AppVagas.iOS", "AppVagas\AppVagas.iOS\AppVagas.iOS.csproj", "{7F87A71E-EAB8-4E70-A0D7-232E632D60E0}"
EndProject
Project("{FAE04EC0-301F-11D3-BF4B-00C04F79EFBC}") = "AppVagas.UWP", "AppVagas\AppVagas.UWP\AppVagas.UWP.csproj", "{4B97E21B-0A79-4C01-A119-FEC4E56EC265}"
EndProject
Project("{FAE04EC0-301F-11D3-BF4B-00C04F79EFBC}") = "AppVagas", "AppVagas\AppVagas\AppVagas.csproj", "{E293EF2A-266E-4FC2-84D9-99134F98C7F1}"
EndProject
Global
	GlobalSection(SolutionConfigurationPlatforms) = preSolution
		Ad-Hoc|Any CPU = Ad-Hoc|Any CPU
		Ad-Hoc|ARM = Ad-Hoc|ARM
		Ad-Hoc|iPhone = Ad-Hoc|iPhone
		Ad-Hoc|iPhoneSimulator = Ad-Hoc|iPhoneSimulator
		Ad-Hoc|x64 = Ad-Hoc|x64
		Ad-Hoc|x86 = Ad-Hoc|x86
		AppStore|Any CPU = AppStore|Any CPU
		AppStore|ARM = AppStore|ARM
		AppStore|iPhone = AppStore|iPhone
		AppStore|iPhoneSimulator = AppStore|iPhoneSimulator
		AppStore|x64 = AppStore|x64
		AppStore|x86 = AppStore|x86
		Debug|Any CPU = Debug|Any CPU
		Debug|ARM = Debug|ARM
		Debug|iPhone = Debug|iPhone
		Debug|iPhoneSimulator = Debug|iPhoneSimulator
		Debug|x64 = Debug|x64
		Debug|x86 = Debug|x86
		Release|Any CPU = Release|Any CPU
		Release|ARM = Release|ARM
		Release|iPhone = Release|iPhone
		Release|iPhoneSimulator = Release|iPhoneSimulator
		Release|x64 = Release|x64
		Release|x86 = Release|x86
	EndGlobalSection
	GlobalSection(ProjectConfigurationPlatforms) = postSolution
		{718DB0A4-94CE-46E3-AC80-3AAD7A1074CB}.Ad-Hoc|Any CPU.ActiveCfg = Release|Any CPU
		{718DB0A4-94CE-46E3-AC80-3AAD7A1074CB}.Ad-Hoc|Any CPU.Build.0 = Release|Any CPU
		{718DB0A4-94CE-46E3-AC80-3AAD7A1074CB}.Ad-Hoc|Any CPU.Deploy.0 = Release|Any CPU
		{718DB0A4-94CE-46E3-AC80-3AAD7A1074CB}.Ad-Hoc|ARM.ActiveCfg = Release|Any CPU
		{718DB0A4-94CE-46E3-AC80-3AAD7A1074CB}.Ad-Hoc|ARM.Build.0 = Release|Any CPU
		{718DB0A4-94CE-46E3-AC80-3AAD7A1074CB}.Ad-Hoc|ARM.Deploy.0 = Release|Any CPU
		{718DB0A4-94CE-46E3-AC80-3AAD7A1074CB}.Ad-Hoc|iPhone.ActiveCfg = Release|Any CPU
		{718DB0A4-94CE-46E3-AC80-3AAD7A1074CB}.Ad-Hoc|iPhone.Build.0 = Release|Any CPU
		{718DB0A4-94CE-46E3-AC80-3AAD7A1074CB}.Ad-Hoc|iPhone.Deploy.0 = Release|Any CPU
		{718DB0A4-94CE-46E3-AC80-3AAD7A1074CB}.Ad-Hoc|iPhoneSimulator.ActiveCfg = Release|Any CPU
		{718DB0A4-94CE-46E3-AC80-3AAD7A1074CB}.Ad-Hoc|iPhoneSimulator.Build.0 = Release|Any CPU
		{718DB0A4-94CE-46E3-AC80-3AAD7A1074CB}.Ad-Hoc|iPhoneSimulator.Deploy.0 = Release|Any CPU
		{718DB0A4-94CE-46E3-AC80-3AAD7A1074CB}.Ad-Hoc|x64.ActiveCfg = Release|Any CPU
		{718DB0A4-94CE-46E3-AC80-3AAD7A1074CB}.Ad-Hoc|x64.Build.0 = Release|Any CPU
		{718DB0A4-94CE-46E3-AC80-3AAD7A1074CB}.Ad-Hoc|x64.Deploy.0 = Release|Any CPU
		{718DB0A4-94CE-46E3-AC80-3AAD7A1074CB}.Ad-Hoc|x86.ActiveCfg = Release|Any CPU
		{718DB0A4-94CE-46E3-AC80-3AAD7A1074CB}.Ad-Hoc|x86.Build.0 = Release|Any CPU
		{718DB0A4-94CE-46E3-AC80-3AAD7A1074CB}.Ad-Hoc|x86.Deploy.0 = Release|Any CPU
		{718DB0A4-94CE-46E3-AC80-3AAD7A1074CB}.AppStore|Any CPU.ActiveCfg = Release|Any CPU
		{718DB0A4-94CE-46E3-AC80-3AAD7A1074CB}.AppStore|Any CPU.Build.0 = Release|Any CPU
		{718DB0A4-94CE-46E3-AC80-3AAD7A1074CB}.AppStore|Any CPU.Deploy.0 = Release|Any CPU
		{718DB0A4-94CE-46E3-AC80-3AAD7A1074CB}.AppStore|ARM.ActiveCfg = Release|Any CPU
		{718DB0A4-94CE-46E3-AC80-3AAD7A1074CB}.AppStore|ARM.Build.0 = Release|Any CPU
		{718DB0A4-94CE-46E3-AC80-3AAD7A1074CB}.AppStore|ARM.Deploy.0 = Release|Any CPU
		{718DB0A4-94CE-46E3-AC80-3AAD7A1074CB}.AppStore|iPhone.ActiveCfg = Release|Any CPU
		{718DB0A4-94CE-46E3-AC80-3AAD7A1074CB}.AppStore|iPhone.Build.0 = Release|Any CPU
		{718DB0A4-94CE-46E3-AC80-3AAD7A1074CB}.AppStore|iPhone.Deploy.0 = Release|Any CPU
		{718DB0A4-94CE-46E3-AC80-3AAD7A1074CB}.AppStore|iPhoneSimulator.ActiveCfg = Release|Any CPU
		{718DB0A4-94CE-46E3-AC80-3AAD7A1074CB}.AppStore|iPhoneSimulator.Build.0 = Release|Any CPU
		{718DB0A4-94CE-46E3-AC80-3AAD7A1074CB}.AppStore|iPhoneSimulator.Deploy.0 = Release|Any CPU
		{718DB0A4-94CE-46E3-AC80-3AAD7A1074CB}.AppStore|x64.ActiveCfg = Release|Any CPU
		{718DB0A4-94CE-46E3-AC80-3AAD7A1074CB}.AppStore|x64.Build.0 = Release|Any CPU
		{718DB0A4-94CE-46E3-AC80-3AAD7A1074CB}.AppStore|x64.Deploy.0 = Release|Any CPU
		{718DB0A4-94CE-46E3-AC80-3AAD7A1074CB}.AppStore|x86.ActiveCfg = Release|Any CPU
		{718DB0A4-94CE-46E3-AC80-3AAD7A1074CB}.AppStore|x86.Build.0 = Release|Any CPU
		{718DB0A4-94CE-46E3-AC80-3AAD7A1074CB}.AppStore|x86.Deploy.0 = Release|Any CPU
		{718DB0A4-94CE-46E3-AC80-3AAD7A1074CB}.Debug|Any CPU.ActiveCfg = Debug|Any CPU
		{718DB0A4-94CE-46E3-AC80-3AAD7A1074CB}.Debug|Any CPU.Build.0 = Debug|Any CPU
		{718DB0A4-94CE-46E3-AC80-3AAD7A1074CB}.Debug|Any CPU.Deploy.0 = Debug|Any CPU
		{718DB0A4-94CE-46E3-AC80-3AAD7A1074CB}.Debug|ARM.ActiveCfg = Debug|Any CPU
		{718DB0A4-94CE-46E3-AC80-3AAD7A1074CB}.Debug|ARM.Build.0 = Debug|Any CPU
		{718DB0A4-94CE-46E3-AC80-3AAD7A1074CB}.Debug|ARM.Deploy.0 = Debug|Any CPU
		{718DB0A4-94CE-46E3-AC80-3AAD7A1074CB}.Debug|iPhone.ActiveCfg = Debug|Any CPU
		{718DB0A4-94CE-46E3-AC80-3AAD7A1074CB}.Debug|iPhone.Build.0 = Debug|Any CPU
		{718DB0A4-94CE-46E3-AC80-3AAD7A1074CB}.Debug|iPhone.Deploy.0 = Debug|Any CPU
		{718DB0A4-94CE-46E3-AC80-3AAD7A1074CB}.Debug|iPhoneSimulator.ActiveCfg = Debug|Any CPU
		{718DB0A4-94CE-46E3-AC80-3AAD7A1074CB}.Debug|iPhoneSimulator.Build.0 = Debug|Any CPU
		{718DB0A4-94CE-46E3-AC80-3AAD7A1074CB}.Debug|iPhoneSimulator.Deploy.0 = Debug|Any CPU
		{718DB0A4-94CE-46E3-AC80-3AAD7A1074CB}.Debug|x64.ActiveCfg = Debug|Any CPU
		{718DB0A4-94CE-46E3-AC80-3AAD7A1074CB}.Debug|x64.Build.0 = Debug|Any CPU
		{718DB0A4-94CE-46E3-AC80-3AAD7A1074CB}.Debug|x64.Deploy.0 = Debug|Any CPU
		{718DB0A4-94CE-46E3-AC80-3AAD7A1074CB}.Debug|x86.ActiveCfg = Debug|Any CPU
		{718DB0A4-94CE-46E3-AC80-3AAD7A1074CB}.Debug|x86.Build.0 = Debug|Any CPU
		{718DB0A4-94CE-46E3-AC80-3AAD7A1074CB}.Debug|x86.Deploy.0 = Debug|Any CPU
		{718DB0A4-94CE-46E3-AC80-3AAD7A1074CB}.Release|Any CPU.ActiveCfg = Release|Any CPU
		{718DB0A4-94CE-46E3-AC80-3AAD7A1074CB}.Release|Any CPU.Build.0 = Release|Any CPU
		{718DB0A4-94CE-46E3-AC80-3AAD7A1074CB}.Release|Any CPU.Deploy.0 = Release|Any CPU
		{718DB0A4-94CE-46E3-AC80-3AAD7A1074CB}.Release|ARM.ActiveCfg = Release|Any CPU
		{718DB0A4-94CE-46E3-AC80-3AAD7A1074CB}.Release|ARM.Build.0 = Release|Any CPU
		{718DB0A4-94CE-46E3-AC80-3AAD7A1074CB}.Release|ARM.Deploy.0 = Release|Any CPU
		{718DB0A4-94CE-46E3-AC80-3AAD7A1074CB}.Release|iPhone.ActiveCfg = Release|Any CPU
		{718DB0A4-94CE-46E3-AC80-3AAD7A1074CB}.Release|iPhone.Build.0 = Release|Any CPU
		{718DB0A4-94CE-46E3-AC80-3AAD7A1074CB}.Release|iPhone.Deploy.0 = Release|Any CPU
		{718DB0A4-94CE-46E3-AC80-3AAD7A1074CB}.Release|iPhoneSimulator.ActiveCfg = Release|Any CPU
		{718DB0A4-94CE-46E3-AC80-3AAD7A1074CB}.Release|iPhoneSimulator.Build.0 = Release|Any CPU
		{718DB0A4-94CE-46E3-AC80-3AAD7A1074CB}.Release|iPhoneSimulator.Deploy.0 = Release|Any CPU
		{718DB0A4-94CE-46E3-AC80-3AAD7A1074CB}.Release|x64.ActiveCfg = Release|Any CPU
		{718DB0A4-94CE-46E3-AC80-3AAD7A1074CB}.Release|x64.Build.0 = Release|Any CPU
		{718DB0A4-94CE-46E3-AC80-3AAD7A1074CB}.Release|x64.Deploy.0 = Release|Any CPU
		{718DB0A4-94CE-46E3-AC80-3AAD7A1074CB}.Release|x86.ActiveCfg = Release|Any CPU
		{718DB0A4-94CE-46E3-AC80-3AAD7A1074CB}.Release|x86.Build.0 = Release|Any CPU
		{718DB0A4-94CE-46E3-AC80-3AAD7A1074CB}.Release|x86.Deploy.0 = Release|Any CPU
		{7F87A71E-EAB8-4E70-A0D7-232E632D60E0}.Ad-Hoc|Any CPU.ActiveCfg = Ad-Hoc|iPhone
		{7F87A71E-EAB8-4E70-A0D7-232E632D60E0}.Ad-Hoc|Any CPU.Build.0 = Ad-Hoc|iPhone
		{7F87A71E-EAB8-4E70-A0D7-232E632D60E0}.Ad-Hoc|Any CPU.Deploy.0 = Ad-Hoc|iPhone
		{7F87A71E-EAB8-4E70-A0D7-232E632D60E0}.Ad-Hoc|ARM.ActiveCfg = Ad-Hoc|iPhone
		{7F87A71E-EAB8-4E70-A0D7-232E632D60E0}.Ad-Hoc|ARM.Build.0 = Ad-Hoc|iPhone
		{7F87A71E-EAB8-4E70-A0D7-232E632D60E0}.Ad-Hoc|ARM.Deploy.0 = Ad-Hoc|iPhone
		{7F87A71E-EAB8-4E70-A0D7-232E632D60E0}.Ad-Hoc|iPhone.ActiveCfg = Ad-Hoc|iPhone
		{7F87A71E-EAB8-4E70-A0D7-232E632D60E0}.Ad-Hoc|iPhone.Build.0 = Ad-Hoc|iPhone
		{7F87A71E-EAB8-4E70-A0D7-232E632D60E0}.Ad-Hoc|iPhone.Deploy.0 = Ad-Hoc|iPhone
		{7F87A71E-EAB8-4E70-A0D7-232E632D60E0}.Ad-Hoc|iPhoneSimulator.ActiveCfg = Ad-Hoc|iPhoneSimulator
		{7F87A71E-EAB8-4E70-A0D7-232E632D60E0}.Ad-Hoc|iPhoneSimulator.Build.0 = Ad-Hoc|iPhoneSimulator
		{7F87A71E-EAB8-4E70-A0D7-232E632D60E0}.Ad-Hoc|iPhoneSimulator.Deploy.0 = Ad-Hoc|iPhoneSimulator
		{7F87A71E-EAB8-4E70-A0D7-232E632D60E0}.Ad-Hoc|x64.ActiveCfg = Ad-Hoc|iPhone
		{7F87A71E-EAB8-4E70-A0D7-232E632D60E0}.Ad-Hoc|x64.Build.0 = Ad-Hoc|iPhone
		{7F87A71E-EAB8-4E70-A0D7-232E632D60E0}.Ad-Hoc|x64.Deploy.0 = Ad-Hoc|iPhone
		{7F87A71E-EAB8-4E70-A0D7-232E632D60E0}.Ad-Hoc|x86.ActiveCfg = Ad-Hoc|iPhone
		{7F87A71E-EAB8-4E70-A0D7-232E632D60E0}.Ad-Hoc|x86.Build.0 = Ad-Hoc|iPhone
		{7F87A71E-EAB8-4E70-A0D7-232E632D60E0}.Ad-Hoc|x86.Deploy.0 = Ad-Hoc|iPhone
		{7F87A71E-EAB8-4E70-A0D7-232E632D60E0}.AppStore|Any CPU.ActiveCfg = AppStore|iPhone
		{7F87A71E-EAB8-4E70-A0D7-232E632D60E0}.AppStore|Any CPU.Build.0 = AppStore|iPhone
		{7F87A71E-EAB8-4E70-A0D7-232E632D60E0}.AppStore|Any CPU.Deploy.0 = AppStore|iPhone
		{7F87A71E-EAB8-4E70-A0D7-232E632D60E0}.AppStore|ARM.ActiveCfg = AppStore|iPhone
		{7F87A71E-EAB8-4E70-A0D7-232E632D60E0}.AppStore|ARM.Build.0 = AppStore|iPhone
		{7F87A71E-EAB8-4E70-A0D7-232E632D60E0}.AppStore|ARM.Deploy.0 = AppStore|iPhone
		{7F87A71E-EAB8-4E70-A0D7-232E632D60E0}.AppStore|iPhone.ActiveCfg = AppStore|iPhone
		{7F87A71E-EAB8-4E70-A0D7-232E632D60E0}.AppStore|iPhone.Build.0 = AppStore|iPhone
		{7F87A71E-EAB8-4E70-A0D7-232E632D60E0}.AppStore|iPhone.Deploy.0 = AppStore|iPhone
		{7F87A71E-EAB8-4E70-A0D7-232E632D60E0}.AppStore|iPhoneSimulator.ActiveCfg = AppStore|iPhoneSimulator
		{7F87A71E-EAB8-4E70-A0D7-232E632D60E0}.AppStore|iPhoneSimulator.Build.0 = AppStore|iPhoneSimulator
		{7F87A71E-EAB8-4E70-A0D7-232E632D60E0}.AppStore|iPhoneSimulator.Deploy.0 = AppStore|iPhoneSimulator
		{7F87A71E-EAB8-4E70-A0D7-232E632D60E0}.AppStore|x64.ActiveCfg = AppStore|iPhone
		{7F87A71E-EAB8-4E70-A0D7-232E632D60E0}.AppStore|x64.Build.0 = AppStore|iPhone
		{7F87A71E-EAB8-4E70-A0D7-232E632D60E0}.AppStore|x64.Deploy.0 = AppStore|iPhone
		{7F87A71E-EAB8-4E70-A0D7-232E632D60E0}.AppStore|x86.ActiveCfg = AppStore|iPhone
		{7F87A71E-EAB8-4E70-A0D7-232E632D60E0}.AppStore|x86.Build.0 = AppStore|iPhone
		{7F87A71E-EAB8-4E70-A0D7-232E632D60E0}.AppStore|x86.Deploy.0 = AppStore|iPhone
		{7F87A71E-EAB8-4E70-A0D7-232E632D60E0}.Debug|Any CPU.ActiveCfg = Debug|iPhoneSimulator
		{7F87A71E-EAB8-4E70-A0D7-232E632D60E0}.Debug|Any CPU.Build.0 = Debug|iPhoneSimulator
		{7F87A71E-EAB8-4E70-A0D7-232E632D60E0}.Debug|Any CPU.Deploy.0 = Debug|iPhoneSimulator
		{7F87A71E-EAB8-4E70-A0D7-232E632D60E0}.Debug|ARM.ActiveCfg = Debug|iPhone
		{7F87A71E-EAB8-4E70-A0D7-232E632D60E0}.Debug|ARM.Build.0 = Debug|iPhone
		{7F87A71E-EAB8-4E70-A0D7-232E632D60E0}.Debug|ARM.Deploy.0 = Debug|iPhone
		{7F87A71E-EAB8-4E70-A0D7-232E632D60E0}.Debug|iPhone.ActiveCfg = Debug|iPhone
		{7F87A71E-EAB8-4E70-A0D7-232E632D60E0}.Debug|iPhone.Build.0 = Debug|iPhone
		{7F87A71E-EAB8-4E70-A0D7-232E632D60E0}.Debug|iPhone.Deploy.0 = Debug|iPhone
		{7F87A71E-EAB8-4E70-A0D7-232E632D60E0}.Debug|iPhoneSimulator.ActiveCfg = Debug|iPhoneSimulator
		{7F87A71E-EAB8-4E70-A0D7-232E632D60E0}.Debug|iPhoneSimulator.Build.0 = Debug|iPhoneSimulator
		{7F87A71E-EAB8-4E70-A0D7-232E632D60E0}.Debug|iPhoneSimulator.Deploy.0 = Debug|iPhoneSimulator
		{7F87A71E-EAB8-4E70-A0D7-232E632D60E0}.Debug|x64.ActiveCfg = Debug|iPhone
		{7F87A71E-EAB8-4E70-A0D7-232E632D60E0}.Debug|x64.Build.0 = Debug|iPhone
		{7F87A71E-EAB8-4E70-A0D7-232E632D60E0}.Debug|x64.Deploy.0 = Debug|iPhone
		{7F87A71E-EAB8-4E70-A0D7-232E632D60E0}.Debug|x86.ActiveCfg = Debug|iPhone
		{7F87A71E-EAB8-4E70-A0D7-232E632D60E0}.Debug|x86.Build.0 = Debug|iPhone
		{7F87A71E-EAB8-4E70-A0D7-232E632D60E0}.Debug|x86.Deploy.0 = Debug|iPhone
		{7F87A71E-EAB8-4E70-A0D7-232E632D60E0}.Release|Any CPU.ActiveCfg = Release|iPhone
		{7F87A71E-EAB8-4E70-A0D7-232E632D60E0}.Release|Any CPU.Build.0 = Release|iPhone
		{7F87A71E-EAB8-4E70-A0D7-232E632D60E0}.Release|Any CPU.Deploy.0 = Release|iPhone
		{7F87A71E-EAB8-4E70-A0D7-232E632D60E0}.Release|ARM.ActiveCfg = Release|iPhone
		{7F87A71E-EAB8-4E70-A0D7-232E632D60E0}.Release|ARM.Build.0 = Release|iPhone
		{7F87A71E-EAB8-4E70-A0D7-232E632D60E0}.Release|ARM.Deploy.0 = Release|iPhone
		{7F87A71E-EAB8-4E70-A0D7-232E632D60E0}.Release|iPhone.ActiveCfg = Release|iPhone
		{7F87A71E-EAB8-4E70-A0D7-232E632D60E0}.Release|iPhone.Build.0 = Release|iPhone
		{7F87A71E-EAB8-4E70-A0D7-232E632D60E0}.Release|iPhone.Deploy.0 = Release|iPhone
		{7F87A71E-EAB8-4E70-A0D7-232E632D60E0}.Release|iPhoneSimulator.ActiveCfg = Release|iPhoneSimulator
		{7F87A71E-EAB8-4E70-A0D7-232E632D60E0}.Release|iPhoneSimulator.Build.0 = Release|iPhoneSimulator
		{7F87A71E-EAB8-4E70-A0D7-232E632D60E0}.Release|iPhoneSimulator.Deploy.0 = Release|iPhoneSimulator
		{7F87A71E-EAB8-4E70-A0D7-232E632D60E0}.Release|x64.ActiveCfg = Release|iPhone
		{7F87A71E-EAB8-4E70-A0D7-232E632D60E0}.Release|x64.Build.0 = Release|iPhone
		{7F87A71E-EAB8-4E70-A0D7-232E632D60E0}.Release|x64.Deploy.0 = Release|iPhone
		{7F87A71E-EAB8-4E70-A0D7-232E632D60E0}.Release|x86.ActiveCfg = Release|iPhone
		{7F87A71E-EAB8-4E70-A0D7-232E632D60E0}.Release|x86.Build.0 = Release|iPhone
		{7F87A71E-EAB8-4E70-A0D7-232E632D60E0}.Release|x86.Deploy.0 = Release|iPhone
		{4B97E21B-0A79-4C01-A119-FEC4E56EC265}.Ad-Hoc|Any CPU.ActiveCfg = Release|x86
		{4B97E21B-0A79-4C01-A119-FEC4E56EC265}.Ad-Hoc|Any CPU.Build.0 = Release|x86
		{4B97E21B-0A79-4C01-A119-FEC4E56EC265}.Ad-Hoc|Any CPU.Deploy.0 = Release|x86
		{4B97E21B-0A79-4C01-A119-FEC4E56EC265}.Ad-Hoc|ARM.ActiveCfg = Release|ARM
		{4B97E21B-0A79-4C01-A119-FEC4E56EC265}.Ad-Hoc|ARM.Build.0 = Release|ARM
		{4B97E21B-0A79-4C01-A119-FEC4E56EC265}.Ad-Hoc|ARM.Deploy.0 = Release|ARM
		{4B97E21B-0A79-4C01-A119-FEC4E56EC265}.Ad-Hoc|iPhone.ActiveCfg = Release|x86
		{4B97E21B-0A79-4C01-A119-FEC4E56EC265}.Ad-Hoc|iPhone.Build.0 = Release|x86
		{4B97E21B-0A79-4C01-A119-FEC4E56EC265}.Ad-Hoc|iPhone.Deploy.0 = Release|x86
		{4B97E21B-0A79-4C01-A119-FEC4E56EC265}.Ad-Hoc|iPhoneSimulator.ActiveCfg = Release|x86
		{4B97E21B-0A79-4C01-A119-FEC4E56EC265}.Ad-Hoc|iPhoneSimulator.Build.0 = Release|x86
		{4B97E21B-0A79-4C01-A119-FEC4E56EC265}.Ad-Hoc|iPhoneSimulator.Deploy.0 = Release|x86
		{4B97E21B-0A79-4C01-A119-FEC4E56EC265}.Ad-Hoc|x64.ActiveCfg = Release|x64
		{4B97E21B-0A79-4C01-A119-FEC4E56EC265}.Ad-Hoc|x64.Build.0 = Release|x64
		{4B97E21B-0A79-4C01-A119-FEC4E56EC265}.Ad-Hoc|x64.Deploy.0 = Release|x64
		{4B97E21B-0A79-4C01-A119-FEC4E56EC265}.Ad-Hoc|x86.ActiveCfg = Release|x86
		{4B97E21B-0A79-4C01-A119-FEC4E56EC265}.Ad-Hoc|x86.Build.0 = Release|x86
		{4B97E21B-0A79-4C01-A119-FEC4E56EC265}.Ad-Hoc|x86.Deploy.0 = Release|x86
		{4B97E21B-0A79-4C01-A119-FEC4E56EC265}.AppStore|Any CPU.ActiveCfg = Release|x86
		{4B97E21B-0A79-4C01-A119-FEC4E56EC265}.AppStore|Any CPU.Build.0 = Release|x86
		{4B97E21B-0A79-4C01-A119-FEC4E56EC265}.AppStore|Any CPU.Deploy.0 = Release|x86
		{4B97E21B-0A79-4C01-A119-FEC4E56EC265}.AppStore|ARM.ActiveCfg = Release|ARM
		{4B97E21B-0A79-4C01-A119-FEC4E56EC265}.AppStore|ARM.Build.0 = Release|ARM
		{4B97E21B-0A79-4C01-A119-FEC4E56EC265}.AppStore|ARM.Deploy.0 = Release|ARM
		{4B97E21B-0A79-4C01-A119-FEC4E56EC265}.AppStore|iPhone.ActiveCfg = Release|x86
		{4B97E21B-0A79-4C01-A119-FEC4E56EC265}.AppStore|iPhone.Build.0 = Release|x86
		{4B97E21B-0A79-4C01-A119-FEC4E56EC265}.AppStore|iPhone.Deploy.0 = Release|x86
		{4B97E21B-0A79-4C01-A119-FEC4E56EC265}.AppStore|iPhoneSimulator.ActiveCfg = Release|x86
		{4B97E21B-0A79-4C01-A119-FEC4E56EC265}.AppStore|iPhoneSimulator.Build.0 = Release|x86
		{4B97E21B-0A79-4C01-A119-FEC4E56EC265}.AppStore|iPhoneSimulator.Deploy.0 = Release|x86
		{4B97E21B-0A79-4C01-A119-FEC4E56EC265}.AppStore|x64.ActiveCfg = Release|x64
		{4B97E21B-0A79-4C01-A119-FEC4E56EC265}.AppStore|x64.Build.0 = Release|x64
		{4B97E21B-0A79-4C01-A119-FEC4E56EC265}.AppStore|x64.Deploy.0 = Release|x64
		{4B97E21B-0A79-4C01-A119-FEC4E56EC265}.AppStore|x86.ActiveCfg = Release|x86
		{4B97E21B-0A79-4C01-A119-FEC4E56EC265}.AppStore|x86.Build.0 = Release|x86
		{4B97E21B-0A79-4C01-A119-FEC4E56EC265}.AppStore|x86.Deploy.0 = Release|x86
		{4B97E21B-0A79-4C01-A119-FEC4E56EC265}.Debug|Any CPU.ActiveCfg = Debug|x86
		{4B97E21B-0A79-4C01-A119-FEC4E56EC265}.Debug|Any CPU.Build.0 = Debug|x86
		{4B97E21B-0A79-4C01-A119-FEC4E56EC265}.Debug|Any CPU.Deploy.0 = Debug|x86
		{4B97E21B-0A79-4C01-A119-FEC4E56EC265}.Debug|ARM.ActiveCfg = Debug|ARM
		{4B97E21B-0A79-4C01-A119-FEC4E56EC265}.Debug|ARM.Build.0 = Debug|ARM
		{4B97E21B-0A79-4C01-A119-FEC4E56EC265}.Debug|ARM.Deploy.0 = Debug|ARM
		{4B97E21B-0A79-4C01-A119-FEC4E56EC265}.Debug|iPhone.ActiveCfg = Debug|x86
		{4B97E21B-0A79-4C01-A119-FEC4E56EC265}.Debug|iPhone.Build.0 = Debug|x86
		{4B97E21B-0A79-4C01-A119-FEC4E56EC265}.Debug|iPhone.Deploy.0 = Debug|x86
		{4B97E21B-0A79-4C01-A119-FEC4E56EC265}.Debug|iPhoneSimulator.ActiveCfg = Debug|x86
		{4B97E21B-0A79-4C01-A119-FEC4E56EC265}.Debug|iPhoneSimulator.Build.0 = Debug|x86
		{4B97E21B-0A79-4C01-A119-FEC4E56EC265}.Debug|iPhoneSimulator.Deploy.0 = Debug|x86
		{4B97E21B-0A79-4C01-A119-FEC4E56EC265}.Debug|x64.ActiveCfg = Debug|x64
		{4B97E21B-0A79-4C01-A119-FEC4E56EC265}.Debug|x64.Build.0 = Debug|x64
		{4B97E21B-0A79-4C01-A119-FEC4E56EC265}.Debug|x64.Deploy.0 = Debug|x64
		{4B97E21B-0A79-4C01-A119-FEC4E56EC265}.Debug|x86.ActiveCfg = Debug|x86
		{4B97E21B-0A79-4C01-A119-FEC4E56EC265}.Debug|x86.Build.0 = Debug|x86
		{4B97E21B-0A79-4C01-A119-FEC4E56EC265}.Debug|x86.Deploy.0 = Debug|x86
		{4B97E21B-0A79-4C01-A119-FEC4E56EC265}.Release|Any CPU.ActiveCfg = Release|x86
		{4B97E21B-0A79-4C01-A119-FEC4E56EC265}.Release|Any CPU.Build.0 = Release|x86
		{4B97E21B-0A79-4C01-A119-FEC4E56EC265}.Release|Any CPU.Deploy.0 = Release|x86
		{4B97E21B-0A79-4C01-A119-FEC4E56EC265}.Release|ARM.ActiveCfg = Release|ARM
		{4B97E21B-0A79-4C01-A119-FEC4E56EC265}.Release|ARM.Build.0 = Release|ARM
		{4B97E21B-0A79-4C01-A119-FEC4E56EC265}.Release|ARM.Deploy.0 = Release|ARM
		{4B97E21B-0A79-4C01-A119-FEC4E56EC265}.Release|iPhone.ActiveCfg = Release|x86
		{4B97E21B-0A79-4C01-A119-FEC4E56EC265}.Release|iPhone.Build.0 = Release|x86
		{4B97E21B-0A79-4C01-A119-FEC4E56EC265}.Release|iPhone.Deploy.0 = Release|x86
		{4B97E21B-0A79-4C01-A119-FEC4E56EC265}.Release|iPhoneSimulator.ActiveCfg = Release|x86
		{4B97E21B-0A79-4C01-A119-FEC4E56EC265}.Release|iPhoneSimulator.Build.0 = Release|x86
		{4B97E21B-0A79-4C01-A119-FEC4E56EC265}.Release|iPhoneSimulator.Deploy.0 = Release|x86
		{4B97E21B-0A79-4C01-A119-FEC4E56EC265}.Release|x64.ActiveCfg = Release|x64
		{4B97E21B-0A79-4C01-A119-FEC4E56EC265}.Release|x64.Build.0 = Release|x64
		{4B97E21B-0A79-4C01-A119-FEC4E56EC265}.Release|x64.Deploy.0 = Release|x64
		{4B97E21B-0A79-4C01-A119-FEC4E56EC265}.Release|x86.ActiveCfg = Release|x86
		{4B97E21B-0A79-4C01-A119-FEC4E56EC265}.Release|x86.Build.0 = Release|x86
		{4B97E21B-0A79-4C01-A119-FEC4E56EC265}.Release|x86.Deploy.0 = Release|x86
		{E293EF2A-266E-4FC2-84D9-99134F98C7F1}.Ad-Hoc|Any CPU.ActiveCfg = Debug|Any CPU
		{E293EF2A-266E-4FC2-84D9-99134F98C7F1}.Ad-Hoc|Any CPU.Build.0 = Debug|Any CPU
		{E293EF2A-266E-4FC2-84D9-99134F98C7F1}.Ad-Hoc|Any CPU.Deploy.0 = Debug|Any CPU
		{E293EF2A-266E-4FC2-84D9-99134F98C7F1}.Ad-Hoc|ARM.ActiveCfg = Debug|Any CPU
		{E293EF2A-266E-4FC2-84D9-99134F98C7F1}.Ad-Hoc|ARM.Build.0 = Debug|Any CPU
		{E293EF2A-266E-4FC2-84D9-99134F98C7F1}.Ad-Hoc|ARM.Deploy.0 = Debug|Any CPU
		{E293EF2A-266E-4FC2-84D9-99134F98C7F1}.Ad-Hoc|iPhone.ActiveCfg = Debug|Any CPU
		{E293EF2A-266E-4FC2-84D9-99134F98C7F1}.Ad-Hoc|iPhone.Build.0 = Debug|Any CPU
		{E293EF2A-266E-4FC2-84D9-99134F98C7F1}.Ad-Hoc|iPhone.Deploy.0 = Debug|Any CPU
		{E293EF2A-266E-4FC2-84D9-99134F98C7F1}.Ad-Hoc|iPhoneSimulator.ActiveCfg = Debug|Any CPU
		{E293EF2A-266E-4FC2-84D9-99134F98C7F1}.Ad-Hoc|iPhoneSimulator.Build.0 = Debug|Any CPU
		{E293EF2A-266E-4FC2-84D9-99134F98C7F1}.Ad-Hoc|iPhoneSimulator.Deploy.0 = Debug|Any CPU
		{E293EF2A-266E-4FC2-84D9-99134F98C7F1}.Ad-Hoc|x64.ActiveCfg = Debug|Any CPU
		{E293EF2A-266E-4FC2-84D9-99134F98C7F1}.Ad-Hoc|x64.Build.0 = Debug|Any CPU
		{E293EF2A-266E-4FC2-84D9-99134F98C7F1}.Ad-Hoc|x64.Deploy.0 = Debug|Any CPU
		{E293EF2A-266E-4FC2-84D9-99134F98C7F1}.Ad-Hoc|x86.ActiveCfg = Debug|Any CPU
		{E293EF2A-266E-4FC2-84D9-99134F98C7F1}.Ad-Hoc|x86.Build.0 = Debug|Any CPU
		{E293EF2A-266E-4FC2-84D9-99134F98C7F1}.Ad-Hoc|x86.Deploy.0 = Debug|Any CPU
		{E293EF2A-266E-4FC2-84D9-99134F98C7F1}.AppStore|Any CPU.ActiveCfg = Debug|Any CPU
		{E293EF2A-266E-4FC2-84D9-99134F98C7F1}.AppStore|Any CPU.Build.0 = Debug|Any CPU
		{E293EF2A-266E-4FC2-84D9-99134F98C7F1}.AppStore|Any CPU.Deploy.0 = Debug|Any CPU
		{E293EF2A-266E-4FC2-84D9-99134F98C7F1}.AppStore|ARM.ActiveCfg = Debug|Any CPU
		{E293EF2A-266E-4FC2-84D9-99134F98C7F1}.AppStore|ARM.Build.0 = Debug|Any CPU
		{E293EF2A-266E-4FC2-84D9-99134F98C7F1}.AppStore|ARM.Deploy.0 = Debug|Any CPU
		{E293EF2A-266E-4FC2-84D9-99134F98C7F1}.AppStore|iPhone.ActiveCfg = Debug|Any CPU
		{E293EF2A-266E-4FC2-84D9-99134F98C7F1}.AppStore|iPhone.Build.0 = Debug|Any CPU
		{E293EF2A-266E-4FC2-84D9-99134F98C7F1}.AppStore|iPhone.Deploy.0 = Debug|Any CPU
		{E293EF2A-266E-4FC2-84D9-99134F98C7F1}.AppStore|iPhoneSimulator.ActiveCfg = Debug|Any CPU
		{E293EF2A-266E-4FC2-84D9-99134F98C7F1}.AppStore|iPhoneSimulator.Build.0 = Debug|Any CPU
		{E293EF2A-266E-4FC2-84D9-99134F98C7F1}.AppStore|iPhoneSimulator.Deploy.0 = Debug|Any CPU
		{E293EF2A-266E-4FC2-84D9-99134F98C7F1}.AppStore|x64.ActiveCfg = Debug|Any CPU
		{E293EF2A-266E-4FC2-84D9-99134F98C7F1}.AppStore|x64.Build.0 = Debug|Any CPU
		{E293EF2A-266E-4FC2-84D9-99134F98C7F1}.AppStore|x64.Deploy.0 = Debug|Any CPU
		{E293EF2A-266E-4FC2-84D9-99134F98C7F1}.AppStore|x86.ActiveCfg = Debug|Any CPU
		{E293EF2A-266E-4FC2-84D9-99134F98C7F1}.AppStore|x86.Build.0 = Debug|Any CPU
		{E293EF2A-266E-4FC2-84D9-99134F98C7F1}.AppStore|x86.Deploy.0 = Debug|Any CPU
		{E293EF2A-266E-4FC2-84D9-99134F98C7F1}.Debug|Any CPU.ActiveCfg = Debug|Any CPU
		{E293EF2A-266E-4FC2-84D9-99134F98C7F1}.Debug|Any CPU.Build.0 = Debug|Any CPU
		{E293EF2A-266E-4FC2-84D9-99134F98C7F1}.Debug|Any CPU.Deploy.0 = Debug|Any CPU
		{E293EF2A-266E-4FC2-84D9-99134F98C7F1}.Debug|ARM.ActiveCfg = Debug|Any CPU
		{E293EF2A-266E-4FC2-84D9-99134F98C7F1}.Debug|ARM.Build.0 = Debug|Any CPU
		{E293EF2A-266E-4FC2-84D9-99134F98C7F1}.Debug|ARM.Deploy.0 = Debug|Any CPU
		{E293EF2A-266E-4FC2-84D9-99134F98C7F1}.Debug|iPhone.ActiveCfg = Debug|Any CPU
		{E293EF2A-266E-4FC2-84D9-99134F98C7F1}.Debug|iPhone.Build.0 = Debug|Any CPU
		{E293EF2A-266E-4FC2-84D9-99134F98C7F1}.Debug|iPhone.Deploy.0 = Debug|Any CPU
		{E293EF2A-266E-4FC2-84D9-99134F98C7F1}.Debug|iPhoneSimulator.ActiveCfg = Debug|Any CPU
		{E293EF2A-266E-4FC2-84D9-99134F98C7F1}.Debug|iPhoneSimulator.Build.0 = Debug|Any CPU
		{E293EF2A-266E-4FC2-84D9-99134F98C7F1}.Debug|iPhoneSimulator.Deploy.0 = Debug|Any CPU
		{E293EF2A-266E-4FC2-84D9-99134F98C7F1}.Debug|x64.ActiveCfg = Debug|Any CPU
		{E293EF2A-266E-4FC2-84D9-99134F98C7F1}.Debug|x64.Build.0 = Debug|Any CPU
		{E293EF2A-266E-4FC2-84D9-99134F98C7F1}.Debug|x64.Deploy.0 = Debug|Any CPU
		{E293EF2A-266E-4FC2-84D9-99134F98C7F1}.Debug|x86.ActiveCfg = Debug|Any CPU
		{E293EF2A-266E-4FC2-84D9-99134F98C7F1}.Debug|x86.Build.0 = Debug|Any CPU
		{E293EF2A-266E-4FC2-84D9-99134F98C7F1}.Debug|x86.Deploy.0 = Debug|Any CPU
		{E293EF2A-266E-4FC2-84D9-99134F98C7F1}.Release|Any CPU.ActiveCfg = Release|Any CPU
		{E293EF2A-266E-4FC2-84D9-99134F98C7F1}.Release|Any CPU.Build.0 = Release|Any CPU
		{E293EF2A-266E-4FC2-84D9-99134F98C7F1}.Release|Any CPU.Deploy.0 = Release|Any CPU
		{E293EF2A-266E-4FC2-84D9-99134F98C7F1}.Release|ARM.ActiveCfg = Release|Any CPU
		{E293EF2A-266E-4FC2-84D9-99134F98C7F1}.Release|ARM.Build.0 = Release|Any CPU
		{E293EF2A-266E-4FC2-84D9-99134F98C7F1}.Release|ARM.Deploy.0 = Release|Any CPU
		{E293EF2A-266E-4FC2-84D9-99134F98C7F1}.Release|iPhone.ActiveCfg = Release|Any CPU
		{E293EF2A-266E-4FC2-84D9-99134F98C7F1}.Release|iPhone.Build.0 = Release|Any CPU
		{E293EF2A-266E-4FC2-84D9-99134F98C7F1}.Release|iPhone.Deploy.0 = Release|Any CPU
		{E293EF2A-266E-4FC2-84D9-99134F98C7F1}.Release|iPhoneSimulator.ActiveCfg = Release|Any CPU
		{E293EF2A-266E-4FC2-84D9-99134F98C7F1}.Release|iPhoneSimulator.Build.0 = Release|Any CPU
		{E293EF2A-266E-4FC2-84D9-99134F98C7F1}.Release|iPhoneSimulator.Deploy.0 = Release|Any CPU
		{E293EF2A-266E-4FC2-84D9-99134F98C7F1}.Release|x64.ActiveCfg = Release|Any CPU
		{E293EF2A-266E-4FC2-84D9-99134F98C7F1}.Release|x64.Build.0 = Release|Any CPU
		{E293EF2A-266E-4FC2-84D9-99134F98C7F1}.Release|x64.Deploy.0 = Release|Any CPU
		{E293EF2A-266E-4FC2-84D9-99134F98C7F1}.Release|x86.ActiveCfg = Release|Any CPU
		{E293EF2A-266E-4FC2-84D9-99134F98C7F1}.Release|x86.Build.0 = Release|Any CPU
		{E293EF2A-266E-4FC2-84D9-99134F98C7F1}.Release|x86.Deploy.0 = Release|Any CPU
	EndGlobalSection
	GlobalSection(SolutionProperties) = preSolution
		HideSolutionNode = FALSE
	EndGlobalSection
	GlobalSection(ExtensibilityGlobals) = postSolution
		SolutionGuid = {79F05EE1-0ECD-42CE-B541-0155BFF23233}
	EndGlobalSection
EndGlobal
